
Microsoft Visual Studio Solution File, Format Version 12.00
# Visual Studio Version 17
VisualStudioVersion = 17.8.34525.116
MinimumVisualStudioVersion = 10.0.40219.1
Project("{9A19103F-16F7-4668-BE54-9A1E7A4F7556}") = "CompanyContractsDAL", "CompanyContractsDAL\CompanyContractsDAL.csproj", "{42623DC4-94F9-4545-ABA7-9B9ED88F8FB2}"
EndProject
Project("{9A19103F-16F7-4668-BE54-9A1E7A4F7556}") = "CompanyContractsConsole", "CompanyContractsConsole\CompanyContractsConsole.csproj", "{528EDC7C-59CC-47B5-A9CC-D48787FA1BE7}"
EndProject
Global
	GlobalSection(SolutionConfigurationPlatforms) = preSolution
		Debug|Any CPU = Debug|Any CPU
		Release|Any CPU = Release|Any CPU
	EndGlobalSection
	GlobalSection(ProjectConfigurationPlatforms) = postSolution
		{42623DC4-94F9-4545-ABA7-9B9ED88F8FB2}.Debug|Any CPU.ActiveCfg = Debug|Any CPU
		{42623DC4-94F9-4545-ABA7-9B9ED88F8FB2}.Debug|Any CPU.Build.0 = Debug|Any CPU
		{42623DC4-94F9-4545-ABA7-9B9ED88F8FB2}.Release|Any CPU.ActiveCfg = Release|Any CPU
		{42623DC4-94F9-4545-ABA7-9B9ED88F8FB2}.Release|Any CPU.Build.0 = Release|Any CPU
		{528EDC7C-59CC-47B5-A9CC-D48787FA1BE7}.Debug|Any CPU.ActiveCfg = Debug|Any CPU
		{528EDC7C-59CC-47B5-A9CC-D48787FA1BE7}.Debug|Any CPU.Build.0 = Debug|Any CPU
		{528EDC7C-59CC-47B5-A9CC-D48787FA1BE7}.Release|Any CPU.ActiveCfg = Release|Any CPU
		{528EDC7C-59CC-47B5-A9CC-D48787FA1BE7}.Release|Any CPU.Build.0 = Release|Any CPU
	EndGlobalSection
	GlobalSection(SolutionProperties) = preSolution
		HideSolutionNode = FALSE
	EndGlobalSection
	GlobalSection(ExtensibilityGlobals) = postSolution
		SolutionGuid = {10DDDDBD-8AF2-47A4-9D03-4AF34FA6ABAC}
	EndGlobalSection
EndGlobal
